
Microsoft Visual Studio Solution File, Format Version 12.00
# Visual Studio Version 16
VisualStudioVersion = 16.0.28803.452
MinimumVisualStudioVersion = 10.0.40219.1
Project("{8BC9CEB8-8B4A-11D0-8D11-00A0C91BC942}") = "NeuralNetworkStuff", "NeuralNetworkStuff\NeuralNetworkStuff.vcxproj", "{DD3876B8-C469-4CC7-BB0F-EB22BD52FAD0}"
EndProject
Global
	GlobalSection(SolutionConfigurationPlatforms) = preSolution
		Debug|x64 = Debug|x64
		Debug|x86 = Debug|x86
		Release|x64 = Release|x64
		Release|x86 = Release|x86
	EndGlobalSection
	GlobalSection(ProjectConfigurationPlatforms) = postSolution
		{DD3876B8-C469-4CC7-BB0F-EB22BD52FAD0}.Debug|x64.ActiveCfg = Debug|x64
		{DD3876B8-C469-4CC7-BB0F-EB22BD52FAD0}.Debug|x64.Build.0 = Debug|x64
		{DD3876B8-C469-4CC7-BB0F-EB22BD52FAD0}.Debug|x86.ActiveCfg = Debug|Win32
		{DD3876B8-C469-4CC7-BB0F-EB22BD52FAD0}.Debug|x86.Build.0 = Debug|Win32
		{DD3876B8-C469-4CC7-BB0F-EB22BD52FAD0}.Release|x64.ActiveCfg = Release|x64
		{DD3876B8-C469-4CC7-BB0F-EB22BD52FAD0}.Release|x64.Build.0 = Release|x64
		{DD3876B8-C469-4CC7-BB0F-EB22BD52FAD0}.Release|x86.ActiveCfg = Release|Win32
		{DD3876B8-C469-4CC7-BB0F-EB22BD52FAD0}.Release|x86.Build.0 = Release|Win32
	EndGlobalSection
	GlobalSection(SolutionProperties) = preSolution
		HideSolutionNode = FALSE
	EndGlobalSection
	GlobalSection(ExtensibilityGlobals) = postSolution
		SolutionGuid = {2E1772D2-B015-48F3-94B1-953FADAE1DD1}
	EndGlobalSection
EndGlobal
