<?xml version="1.0" encoding="utf-8"?>
<Project ToolsVersion="4.0" xmlns="http://schemas.microsoft.com/developer/msbuild/2003">
  <ItemGroup>
    <Filter Include="Source Files">
      <UniqueIdentifier>{4FC737F1-C7A5-4376-A066-2A32D752A2FF}</UniqueIdentifier>
      <Extensions>cpp;c;cc;cxx;def;odl;idl;hpj;bat;asm;asmx</Extensions>
    </Filter>
    <Filter Include="Header Files">
      <UniqueIdentifier>{93995380-89BD-4b04-88EB-625FBE52EBFB}</UniqueIdentifier>
      <Extensions>h;hh;hpp;hxx;hm;inl;inc;ipp;xsd</Extensions>
    </Filter>
    <Filter Include="Resource Files">
      <UniqueIdentifier>{67DA6AB6-F800-4c08-8B7A-83BB121AAD01}</UniqueIdentifier>
      <Extensions>rc;ico;cur;bmp;dlg;rc2;rct;bin;rgs;gif;jpg;jpeg;jpe;resx;tiff;tif;png;wav;mfcribbon-ms</Extensions>
    </Filter>
    <Filter Include="Source Files\Classes">
      <UniqueIdentifier>{0af784fe-e780-4561-bf09-f7c19b70dcd5}</UniqueIdentifier>
    </Filter>
    <Filter Include="Header Files\Classes">
      <UniqueIdentifier>{a3eb16f6-5c2e-4431-8a12-d9a6512301e7}</UniqueIdentifier>
    </Filter>
    <Filter Include="Testing">
      <UniqueIdentifier>{3e3ea45c-5f83-4ced-9ee9-5c21aaacd5b4}</UniqueIdentifier>
    </Filter>
    <Filter Include="Testing\Pedestrian">
      <UniqueIdentifier>{bd2cbcc1-142d-40e4-bb6c-b720f494292a}</UniqueIdentifier>
    </Filter>
    <Filter Include="Testing\NonPedestrian">
      <UniqueIdentifier>{8e4daeef-4903-453c-877d-b3cff938cc84}</UniqueIdentifier>
    </Filter>
  </ItemGroup>
  <ItemGroup>
    <ClInclude Include="libraries.h">
      <Filter>Header Files</Filter>
    </ClInclude>
    <ClInclude Include="Activation.h">
      <Filter>Header Files</Filter>
    </ClInclude>
    <ClInclude Include="Layer.h">
      <Filter>Header Files\Classes</Filter>
    </ClInclude>
    <ClInclude Include="ConvolutionFilter.h">
      <Filter>Header Files\Classes</Filter>
    </ClInclude>
    <ClInclude Include="Pool.h">
      <Filter>Header Files</Filter>
    </ClInclude>
    <ClInclude Include="Normalize.h">
      <Filter>Header Files</Filter>
    </ClInclude>
    <ClInclude Include="Misc.h">
      <Filter>Header Files</Filter>
    </ClInclude>
  </ItemGroup>
  <ItemGroup>
    <ClCompile Include="Main.cpp">
      <Filter>Source Files</Filter>
    </ClCompile>
    <ClCompile Include="Activation.cpp">
      <Filter>Resource Files</Filter>
    </ClCompile>
    <ClCompile Include="Layer.cpp">
      <Filter>Source Files\Classes</Filter>
    </ClCompile>
    <ClCompile Include="ConvolutionFilter.cpp">
      <Filter>Source Files\Classes</Filter>
    </ClCompile>
    <ClCompile Include="Pool.cpp">
      <Filter>Resource Files</Filter>
    </ClCompile>
    <ClCompile Include="Normalize.cpp">
      <Filter>Resource Files</Filter>
    </ClCompile>
    <ClCompile Include="Misc.cpp">
      <Filter>Resource Files</Filter>
    </ClCompile>
  </ItemGroup>
  <ItemGroup>
    <Image Include="Training Data\NonPeds\I00000.jpg">
      <Filter>Testing\NonPedestrian</Filter>
    </Image>
    <Image Include="Training Data\NonPeds\I00001.jpg">
      <Filter>Testing\NonPedestrian</Filter>
    </Image>
    <Image Include="Training Data\NonPeds\I00002.jpg">
      <Filter>Testing\NonPedestrian</Filter>
    </Image>
    <Image Include="Training Data\NonPeds\I00003.jpg">
      <Filter>Testing\NonPedestrian</Filter>
    </Image>
    <Image Include="Training Data\NonPeds\I00004.jpg">
      <Filter>Testing\NonPedestrian</Filter>
    </Image>
    <Image Include="Training Data\NonPeds\I00005.jpg">
      <Filter>Testing\NonPedestrian</Filter>
    </Image>
    <Image Include="Training Data\NonPeds\I00051.jpg">
      <Filter>Testing\NonPedestrian</Filter>
    </Image>
    <Image Include="Training Data\NonPeds\I00052.jpg">
      <Filter>Testing\NonPedestrian</Filter>
    </Image>
    <Image Include="Training Data\NonPeds\I00053.jpg">
      <Filter>Testing\NonPedestrian</Filter>
    </Image>
    <Image Include="Training Data\NonPeds\I00054.jpg">
      <Filter>Testing\NonPedestrian</Filter>
    </Image>
    <Image Include="Training Data\NonPeds\I00055.jpg">
      <Filter>Testing\NonPedestrian</Filter>
    </Image>
    <Image Include="Training Data\NonPeds\I00056.jpg">
      <Filter>Testing\NonPedestrian</Filter>
    </Image>
    <Image Include="Training Data\NonPeds\I00122.jpg">
      <Filter>Testing\NonPedestrian</Filter>
    </Image>
    <Image Include="Training Data\NonPeds\I00123.jpg">
      <Filter>Testing\NonPedestrian</Filter>
    </Image>
    <Image Include="Training Data\NonPeds\I00124.jpg">
      <Filter>Testing\NonPedestrian</Filter>
    </Image>
    <Image Include="Training Data\NonPeds\I00125.jpg">
      <Filter>Testing\NonPedestrian</Filter>
    </Image>
    <Image Include="Training Data\NonPeds\I00126.jpg">
      <Filter>Testing\NonPedestrian</Filter>
    </Image>
    <Image Include="Training Data\NonPeds\I00215.jpg">
      <Filter>Testing\NonPedestrian</Filter>
    </Image>
    <Image Include="Training Data\NonPeds\I00216.jpg">
      <Filter>Testing\NonPedestrian</Filter>
    </Image>
    <Image Include="Training Data\NonPeds\I00217.jpg">
      <Filter>Testing\NonPedestrian</Filter>
    </Image>
    <Image Include="Training Data\NonPeds\I00741.jpg">
      <Filter>Testing\NonPedestrian</Filter>
    </Image>
    <Image Include="Training Data\NonPeds\I00742.jpg">
      <Filter>Testing\NonPedestrian</Filter>
    </Image>
    <Image Include="Training Data\NonPeds\I00743.jpg">
      <Filter>Testing\NonPedestrian</Filter>
    </Image>
    <Image Include="Training Data\NonPeds\I00744.jpg">
      <Filter>Testing\NonPedestrian</Filter>
    </Image>
    <Image Include="Training Data\NonPeds\I00745.jpg">
      <Filter>Testing\NonPedestrian</Filter>
    </Image>
    <Image Include="Training Data\NonPeds\I01606.jpg">
      <Filter>Testing\NonPedestrian</Filter>
    </Image>
    <Image Include="Training Data\NonPeds\I01607.jpg">
      <Filter>Testing\NonPedestrian</Filter>
    </Image>
    <Image Include="Training Data\NonPeds\I01608.jpg">
      <Filter>Testing\NonPedestrian</Filter>
    </Image>
    <Image Include="Training Data\NonPeds\I01609.jpg">
      <Filter>Testing\NonPedestrian</Filter>
    </Image>
    <Image Include="Training Data\NonPeds\I01610.jpg">
      <Filter>Testing\NonPedestrian</Filter>
    </Image>
    <Image Include="Training Data\NonPeds\I01792.jpg">
      <Filter>Testing\NonPedestrian</Filter>
    </Image>
    <Image Include="Training Data\NonPeds\I01793.jpg">
      <Filter>Testing\NonPedestrian</Filter>
    </Image>
    <Image Include="Training Data\NonPeds\I01794.jpg">
      <Filter>Testing\NonPedestrian</Filter>
    </Image>
    <Image Include="Training Data\NonPeds\I01795.jpg">
      <Filter>Testing\NonPedestrian</Filter>
    </Image>
    <Image Include="Training Data\NonPeds\I01796.jpg">
      <Filter>Testing\NonPedestrian</Filter>
    </Image>
    <Image Include="Training Data\NonPeds\I01828.jpg">
      <Filter>Testing\NonPedestrian</Filter>
    </Image>
    <Image Include="Training Data\NonPeds\I01829.jpg">
      <Filter>Testing\NonPedestrian</Filter>
    </Image>
    <Image Include="Training Data\NonPeds\I01830.jpg">
      <Filter>Testing\NonPedestrian</Filter>
    </Image>
    <Image Include="Training Data\NonPeds\I01831.jpg">
      <Filter>Testing\NonPedestrian</Filter>
    </Image>
    <Image Include="Training Data\NonPeds\I01832.jpg">
      <Filter>Testing\NonPedestrian</Filter>
    </Image>
    <Image Include="Training Data\NonPeds\I01833.jpg">
      <Filter>Testing\NonPedestrian</Filter>
    </Image>
    <Image Include="Training Data\NonPeds\I01834.jpg">
      <Filter>Testing\NonPedestrian</Filter>
    </Image>
    <Image Include="Training Data\NonPeds\I01835.jpg">
      <Filter>Testing\NonPedestrian</Filter>
    </Image>
    <Image Include="Training Data\NonPeds\I01836.jpg">
      <Filter>Testing\NonPedestrian</Filter>
    </Image>
    <Image Include="Training Data\NonPeds\I01838.jpg">
      <Filter>Testing\NonPedestrian</Filter>
    </Image>
    <Image Include="Training Data\NonPeds\I01839.jpg">
      <Filter>Testing\NonPedestrian</Filter>
    </Image>
    <Image Include="Training Data\NonPeds\I01840.jpg">
      <Filter>Testing\NonPedestrian</Filter>
    </Image>
    <Image Include="Training Data\NonPeds\I01841.jpg">
      <Filter>Testing\NonPedestrian</Filter>
    </Image>
    <Image Include="Training Data\NonPeds\I01842.jpg">
      <Filter>Testing\NonPedestrian</Filter>
    </Image>
    <Image Include="Training Data\NonPeds\I01843.jpg">
      <Filter>Testing\NonPedestrian</Filter>
    </Image>
    <Image Include="Training Data\Peds\6 - Copy.jpg">
      <Filter>Testing\Pedestrian</Filter>
    </Image>
    <Image Include="Training Data\Peds\I0a918 - Copy.jpg">
      <Filter>Testing\Pedestrian</Filter>
    </Image>
    <Image Include="Training Data\Peds\I00563 - Copy.jpg">
      <Filter>Testing\Pedestrian</Filter>
    </Image>
    <Image Include="Training Data\Peds\I00585 - Copy.jpg">
      <Filter>Testing\Pedestrian</Filter>
    </Image>
    <Image Include="Training Data\Peds\I00590 - Copy.jpg">
      <Filter>Testing\Pedestrian</Filter>
    </Image>
    <Image Include="Training Data\Peds\I00593 - Copy.jpg">
      <Filter>Testing\Pedestrian</Filter>
    </Image>
    <Image Include="Training Data\Peds\I00884 - Copy.jpg">
      <Filter>Testing\Pedestrian</Filter>
    </Image>
    <Image Include="Training Data\Peds\I00903 - Copy.jpg">
      <Filter>Testing\Pedestrian</Filter>
    </Image>
    <Image Include="Training Data\Peds\I00908 - Copy.jpg">
      <Filter>Testing\Pedestrian</Filter>
    </Image>
    <Image Include="Training Data\Peds\I00912 - Copy.jpg">
      <Filter>Testing\Pedestrian</Filter>
    </Image>
    <Image Include="Training Data\Peds\I00912a - Copy.jpg">
      <Filter>Testing\Pedestrian</Filter>
    </Image>
    <Image Include="Training Data\Peds\I00913 - Copy.jpg">
      <Filter>Testing\Pedestrian</Filter>
    </Image>
    <Image Include="Training Data\Peds\I00918 - Copy.jpg">
      <Filter>Testing\Pedestrian</Filter>
    </Image>
    <Image Include="Training Data\Peds\I00924 - Copy.jpg">
      <Filter>Testing\Pedestrian</Filter>
    </Image>
    <Image Include="Training Data\Peds\I00933 - Copy.jpg">
      <Filter>Testing\Pedestrian</Filter>
    </Image>
    <Image Include="Training Data\Peds\I00944 - Copy.jpg">
      <Filter>Testing\Pedestrian</Filter>
    </Image>
    <Image Include="Training Data\Peds\I00955 - Copy.jpg">
      <Filter>Testing\Pedestrian</Filter>
    </Image>
    <Image Include="Training Data\Peds\I00959 - Copy.jpg">
      <Filter>Testing\Pedestrian</Filter>
    </Image>
    <Image Include="Training Data\Peds\I00960 - Copy.jpg">
      <Filter>Testing\Pedestrian</Filter>
    </Image>
    <Image Include="Training Data\Peds\I00961 - Copy.jpg">
      <Filter>Testing\Pedestrian</Filter>
    </Image>
    <Image Include="Training Data\Peds\I00962 - Copy.jpg">
      <Filter>Testing\Pedestrian</Filter>
    </Image>
    <Image Include="Training Data\Peds\I00973 - Copy.jpg">
      <Filter>Testing\Pedestrian</Filter>
    </Image>
    <Image Include="Training Data\Peds\I00990 - Copy.jpg">
      <Filter>Testing\Pedestrian</Filter>
    </Image>
    <Image Include="Training Data\Peds\I00991 - Copy.jpg">
      <Filter>Testing\Pedestrian</Filter>
    </Image>
    <Image Include="Training Data\Peds\I01001 - Copy.jpg">
      <Filter>Testing\Pedestrian</Filter>
    </Image>
    <Image Include="Training Data\Peds\I01002 - Copy.jpg">
      <Filter>Testing\Pedestrian</Filter>
    </Image>
    <Image Include="Training Data\Peds\I01007 - Copy.jpg">
      <Filter>Testing\Pedestrian</Filter>
    </Image>
    <Image Include="Training Data\Peds\I01015 - Copy.jpg">
      <Filter>Testing\Pedestrian</Filter>
    </Image>
    <Image Include="Training Data\Peds\I01031 - Copy.jpg">
      <Filter>Testing\Pedestrian</Filter>
    </Image>
    <Image Include="Training Data\Peds\I01032 - Copy.jpg">
      <Filter>Testing\Pedestrian</Filter>
    </Image>
    <Image Include="Training Data\Peds\I01044 - Copy.jpg">
      <Filter>Testing\Pedestrian</Filter>
    </Image>
    <Image Include="Training Data\Peds\I01045 - Copy.jpg">
      <Filter>Testing\Pedestrian</Filter>
    </Image>
    <Image Include="Training Data\Peds\I01055 - Copy.jpg">
      <Filter>Testing\Pedestrian</Filter>
    </Image>
    <Image Include="Training Data\Peds\I01057 - Copy.jpg">
      <Filter>Testing\Pedestrian</Filter>
    </Image>
    <Image Include="Training Data\Peds\I01061 - Copy.jpg">
      <Filter>Testing\Pedestrian</Filter>
    </Image>
    <Image Include="Training Data\Peds\I01067 - Copy.jpg">
      <Filter>Testing\Pedestrian</Filter>
    </Image>
    <Image Include="Training Data\Peds\I01073 - Copy.jpg">
      <Filter>Testing\Pedestrian</Filter>
    </Image>
    <Image Include="Training Data\Peds\I01087 - Copy.jpg">
      <Filter>Testing\Pedestrian</Filter>
    </Image>
    <Image Include="Training Data\Peds\I01109 - Copy.jpg">
      <Filter>Testing\Pedestrian</Filter>
    </Image>
    <Image Include="Training Data\Peds\I01119 - Copy.jpg">
      <Filter>Testing\Pedestrian</Filter>
    </Image>
    <Image Include="Training Data\Peds\I01122 - Copy.jpg">
      <Filter>Testing\Pedestrian</Filter>
    </Image>
    <Image Include="Training Data\Peds\I01129 - Copy.jpg">
      <Filter>Testing\Pedestrian</Filter>
    </Image>
    <Image Include="Training Data\Peds\I01157 - Copy.jpg">
      <Filter>Testing\Pedestrian</Filter>
    </Image>
    <Image Include="Training Data\Peds\I01167 - Copy.jpg">
      <Filter>Testing\Pedestrian</Filter>
    </Image>
    <Image Include="Training Data\Peds\I01172 - Copy.jpg">
      <Filter>Testing\Pedestrian</Filter>
    </Image>
    <Image Include="Training Data\Peds\I01201 - Copy.jpg">
      <Filter>Testing\Pedestrian</Filter>
    </Image>
    <Image Include="Training Data\Peds\I01227 - Copy.jpg">
      <Filter>Testing\Pedestrian</Filter>
    </Image>
    <Image Include="Training Data\Peds\I01240 - Copy.jpg">
      <Filter>Testing\Pedestrian</Filter>
    </Image>
    <Image Include="Training Data\Peds\I01322 - Copy.jpg">
      <Filter>Testing\Pedestrian</Filter>
    </Image>
    <Image Include="Training Data\Peds\I01339 - Copy.jpg">
      <Filter>Testing\Pedestrian</Filter>
    </Image>
  </ItemGroup>
</Project>